
Microsoft Visual Studio Solution File, Format Version 12.00
# Visual Studio Version 17
VisualStudioVersion = 17.4.33110.190
MinimumVisualStudioVersion = 10.0.40219.1
Project("{FAE04EC0-301F-11D3-BF4B-00C04F79EFBC}") = "Study (MVC)", "Study (MVC).csproj", "{15433029-0365-40F0-B4C7-3DE640098DEE}"
EndProject
Global
	GlobalSection(SolutionConfigurationPlatforms) = preSolution
		Debug|Any CPU = Debug|Any CPU
		Release|Any CPU = Release|Any CPU
	EndGlobalSection
	GlobalSection(ProjectConfigurationPlatforms) = postSolution
		{15433029-0365-40F0-B4C7-3DE640098DEE}.Debug|Any CPU.ActiveCfg = Debug|Any CPU
		{15433029-0365-40F0-B4C7-3DE640098DEE}.Debug|Any CPU.Build.0 = Debug|Any CPU
		{15433029-0365-40F0-B4C7-3DE640098DEE}.Release|Any CPU.ActiveCfg = Release|Any CPU
		{15433029-0365-40F0-B4C7-3DE640098DEE}.Release|Any CPU.Build.0 = Release|Any CPU
	EndGlobalSection
	GlobalSection(SolutionProperties) = preSolution
		HideSolutionNode = FALSE
	EndGlobalSection
	GlobalSection(ExtensibilityGlobals) = postSolution
		SolutionGuid = {60678459-CD6C-456B-963D-138D74374D96}
	EndGlobalSection
EndGlobal
